
Microsoft Visual Studio Solution File, Format Version 12.00
# Visual Studio Version 16
VisualStudioVersion = 16.0.31129.286
MinimumVisualStudioVersion = 10.0.40219.1
Project("{FAE04EC0-301F-11D3-BF4B-00C04F79EFBC}") = "FullCalendarMVC", "FullCalendarMVC.csproj", "{D107BD65-AC68-4104-AA32-B35B2AAFCAAD}"
EndProject
Global
	GlobalSection(SolutionConfigurationPlatforms) = preSolution
		Debug|Any CPU = Debug|Any CPU
		Release|Any CPU = Release|Any CPU
	EndGlobalSection
	GlobalSection(ProjectConfigurationPlatforms) = postSolution
		{D107BD65-AC68-4104-AA32-B35B2AAFCAAD}.Debug|Any CPU.ActiveCfg = Debug|Any CPU
		{D107BD65-AC68-4104-AA32-B35B2AAFCAAD}.Debug|Any CPU.Build.0 = Debug|Any CPU
		{D107BD65-AC68-4104-AA32-B35B2AAFCAAD}.Release|Any CPU.ActiveCfg = Release|Any CPU
		{D107BD65-AC68-4104-AA32-B35B2AAFCAAD}.Release|Any CPU.Build.0 = Release|Any CPU
	EndGlobalSection
	GlobalSection(SolutionProperties) = preSolution
		HideSolutionNode = FALSE
	EndGlobalSection
	GlobalSection(ExtensibilityGlobals) = postSolution
		SolutionGuid = {B60AA2AE-7790-486D-BA2E-49CCB46811FE}
	EndGlobalSection
EndGlobal
